
Microsoft Visual Studio Solution File, Format Version 12.00
# Visual Studio 15
Project("{FAE04EC0-301F-11D3-BF4B-00C04F79EFBC}") = "SDP-Git_Assigment_2", "SDP-Git_Assigment_2\SDP-Git_Assigment_2.csproj", "{AB8BB58B-F339-4A2F-A843-49A05EBB2198}"
EndProject
Global
	GlobalSection(SolutionConfigurationPlatforms) = preSolution
		Debug|Any CPU = Debug|Any CPU
		Release|Any CPU = Release|Any CPU
	EndGlobalSection
	GlobalSection(ProjectConfigurationPlatforms) = postSolution
		{AB8BB58B-F339-4A2F-A843-49A05EBB2198}.Debug|Any CPU.ActiveCfg = Debug|Any CPU
		{AB8BB58B-F339-4A2F-A843-49A05EBB2198}.Debug|Any CPU.Build.0 = Debug|Any CPU
		{AB8BB58B-F339-4A2F-A843-49A05EBB2198}.Release|Any CPU.ActiveCfg = Release|Any CPU
		{AB8BB58B-F339-4A2F-A843-49A05EBB2198}.Release|Any CPU.Build.0 = Release|Any CPU
	EndGlobalSection
EndGlobal
